// !$*UTF8*$!
{
	archiveVersion = 1;
	classes = {
	};
	objectVersion = 55;
	objects = {

/* Begin PBXBuildFile section */
		48E013C327741F2400F79D98 /* AppDelegate.swift in Sources */ = {isa = PBXBuildFile; fileRef = 48E013C227741F2400F79D98 /* AppDelegate.swift */; };
		48E013C527741F2600F79D98 /* Assets.xcassets in Resources */ = {isa = PBXBuildFile; fileRef = 48E013C427741F2600F79D98 /* Assets.xcassets */; };
		48E013C827741F2600F79D98 /* MainMenu.xib in Resources */ = {isa = PBXBuildFile; fileRef = 48E013C627741F2600F79D98 /* MainMenu.xib */; };
		48E013D027741F4700F79D98 /* MainWindow.swift in Sources */ = {isa = PBXBuildFile; fileRef = 48E013CF27741F4700F79D98 /* MainWindow.swift */; };
		48E013D227741F5900F79D98 /* DisplayView.swift in Sources */ = {isa = PBXBuildFile; fileRef = 48E013D127741F5900F79D98 /* DisplayView.swift */; };
		48E013D427743A2100F79D98 /* CharacterView.swift in Sources */ = {isa = PBXBuildFile; fileRef = 48E013D327743A2100F79D98 /* CharacterView.swift */; };
		48E013D627743B4100F79D98 /* DISPLAY.swift in Sources */ = {isa = PBXBuildFile; fileRef = 48E013D527743B4100F79D98 /* DISPLAY.swift */; };
		48E013D82774408700F79D98 /* UInt8+.swift in Sources */ = {isa = PBXBuildFile; fileRef = 48E013D72774408700F79D98 /* UInt8+.swift */; };
		48E013DA2774440B00F79D98 /* CharacterRowView.swift in Sources */ = {isa = PBXBuildFile; fileRef = 48E013D92774440B00F79D98 /* CharacterRowView.swift */; };
		48E013DD277459D100F79D98 /* DisplayCharacters.swift in Sources */ = {isa = PBXBuildFile; fileRef = 48E013DC277459D100F79D98 /* DisplayCharacters.swift */; };
/* End PBXBuildFile section */

/* Begin PBXFileReference section */
		48E013BF27741F2400F79D98 /* 211223-NSViewDraw.app */ = {isa = PBXFileReference; explicitFileType = wrapper.application; includeInIndex = 0; path = "211223-NSViewDraw.app"; sourceTree = BUILT_PRODUCTS_DIR; };
		48E013C227741F2400F79D98 /* AppDelegate.swift */ = {isa = PBXFileReference; lastKnownFileType = sourcecode.swift; path = AppDelegate.swift; sourceTree = "<group>"; };
		48E013C427741F2600F79D98 /* Assets.xcassets */ = {isa = PBXFileReference; lastKnownFileType = folder.assetcatalog; path = Assets.xcassets; sourceTree = "<group>"; };
		48E013C727741F2600F79D98 /* Base */ = {isa = PBXFileReference; lastKnownFileType = file.xib; name = Base; path = Base.lproj/MainMenu.xib; sourceTree = "<group>"; };
		48E013C927741F2600F79D98 /* _11223_NSViewDraw.entitlements */ = {isa = PBXFileReference; lastKnownFileType = text.plist.entitlements; path = _11223_NSViewDraw.entitlements; sourceTree = "<group>"; };
		48E013CF27741F4700F79D98 /* MainWindow.swift */ = {isa = PBXFileReference; lastKnownFileType = sourcecode.swift; path = MainWindow.swift; sourceTree = "<group>"; };
		48E013D127741F5900F79D98 /* DisplayView.swift */ = {isa = PBXFileReference; lastKnownFileType = sourcecode.swift; path = DisplayView.swift; sourceTree = "<group>"; };
		48E013D327743A2100F79D98 /* CharacterView.swift */ = {isa = PBXFileReference; lastKnownFileType = sourcecode.swift; path = CharacterView.swift; sourceTree = "<group>"; };
		48E013D527743B4100F79D98 /* DISPLAY.swift */ = {isa = PBXFileReference; lastKnownFileType = sourcecode.swift; path = DISPLAY.swift; sourceTree = "<group>"; };
		48E013D72774408700F79D98 /* UInt8+.swift */ = {isa = PBXFileReference; lastKnownFileType = sourcecode.swift; path = "UInt8+.swift"; sourceTree = "<group>"; };
		48E013D92774440B00F79D98 /* CharacterRowView.swift */ = {isa = PBXFileReference; lastKnownFileType = sourcecode.swift; path = CharacterRowView.swift; sourceTree = "<group>"; };
		48E013DC277459D100F79D98 /* DisplayCharacters.swift */ = {isa = PBXFileReference; lastKnownFileType = sourcecode.swift; path = DisplayCharacters.swift; sourceTree = "<group>"; };
/* End PBXFileReference section */

/* Begin PBXFrameworksBuildPhase section */
		48E013BC27741F2400F79D98 /* Frameworks */ = {
			isa = PBXFrameworksBuildPhase;
			buildActionMask = 2147483647;
			files = (
			);
			runOnlyForDeploymentPostprocessing = 0;
		};
/* End PBXFrameworksBuildPhase section */

/* Begin PBXGroup section */
		48E013B627741F2400F79D98 = {
			isa = PBXGroup;
			children = (
				48E013C127741F2400F79D98 /* 211223-NSViewDraw */,
				48E013C027741F2400F79D98 /* Products */,
			);
			sourceTree = "<group>";
		};
		48E013C027741F2400F79D98 /* Products */ = {
			isa = PBXGroup;
			children = (
				48E013BF27741F2400F79D98 /* 211223-NSViewDraw.app */,
			);
			name = Products;
			sourceTree = "<group>";
		};
		48E013C127741F2400F79D98 /* 211223-NSViewDraw */ = {
			isa = PBXGroup;
			children = (
				48E013C227741F2400F79D98 /* AppDelegate.swift */,
				48E013CF27741F4700F79D98 /* MainWindow.swift */,
				48E013D127741F5900F79D98 /* DisplayView.swift */,
				48E013D92774440B00F79D98 /* CharacterRowView.swift */,
				48E013D327743A2100F79D98 /* CharacterView.swift */,
				48E013DB277459A700F79D98 /* DisplayConfig */,
				48E013D72774408700F79D98 /* UInt8+.swift */,
				48E013C427741F2600F79D98 /* Assets.xcassets */,
				48E013C627741F2600F79D98 /* MainMenu.xib */,
				48E013C927741F2600F79D98 /* _11223_NSViewDraw.entitlements */,
			);
			path = "211223-NSViewDraw";
			sourceTree = "<group>";
		};
		48E013DB277459A700F79D98 /* DisplayConfig */ = {
			isa = PBXGroup;
			children = (
				48E013D527743B4100F79D98 /* DISPLAY.swift */,
				48E013DC277459D100F79D98 /* DisplayCharacters.swift */,
			);
			path = DisplayConfig;
			sourceTree = "<group>";
		};
/* End PBXGroup section */

/* Begin PBXNativeTarget section */
		48E013BE27741F2400F79D98 /* 211223-NSViewDraw */ = {
			isa = PBXNativeTarget;
			buildConfigurationList = 48E013CC27741F2600F79D98 /* Build configuration list for PBXNativeTarget "211223-NSViewDraw" */;
			buildPhases = (
				48E013BB27741F2400F79D98 /* Sources */,
				48E013BC27741F2400F79D98 /* Frameworks */,
				48E013BD27741F2400F79D98 /* Resources */,
			);
			buildRules = (
			);
			dependencies = (
			);
			name = "211223-NSViewDraw";
			productName = "211223-NSViewDraw";
			productReference = 48E013BF27741F2400F79D98 /* 211223-NSViewDraw.app */;
			productType = "com.apple.product-type.application";
		};
/* End PBXNativeTarget section */

/* Begin PBXProject section */
		48E013B727741F2400F79D98 /* Project object */ = {
			isa = PBXProject;
			attributes = {
				BuildIndependentTargetsInParallel = 1;
				LastSwiftUpdateCheck = 1310;
				LastUpgradeCheck = 1310;
				TargetAttributes = {
					48E013BE27741F2400F79D98 = {
						CreatedOnToolsVersion = 13.1;
					};
				};
			};
			buildConfigurationList = 48E013BA27741F2400F79D98 /* Build configuration list for PBXProject "211223-NSViewDraw" */;
			compatibilityVersion = "Xcode 13.0";
			developmentRegion = en;
			hasScannedForEncodings = 0;
			knownRegions = (
				en,
				Base,
			);
			mainGroup = 48E013B627741F2400F79D98;
			productRefGroup = 48E013C027741F2400F79D98 /* Products */;
			projectDirPath = "";
			projectRoot = "";
			targets = (
				48E013BE27741F2400F79D98 /* 211223-NSViewDraw */,
			);
		};
/* End PBXProject section */

/* Begin PBXResourcesBuildPhase section */
		48E013BD27741F2400F79D98 /* Resources */ = {
			isa = PBXResourcesBuildPhase;
			buildActionMask = 2147483647;
			files = (
				48E013C527741F2600F79D98 /* Assets.xcassets in Resources */,
				48E013C827741F2600F79D98 /* MainMenu.xib in Resources */,
			);
			runOnlyForDeploymentPostprocessing = 0;
		};
/* End PBXResourcesBuildPhase section */

/* Begin PBXSourcesBuildPhase section */
		48E013BB27741F2400F79D98 /* Sources */ = {
			isa = PBXSourcesBuildPhase;
			buildActionMask = 2147483647;
			files = (
				48E013DA2774440B00F79D98 /* CharacterRowView.swift in Sources */,
				48E013D027741F4700F79D98 /* MainWindow.swift in Sources */,
				48E013D227741F5900F79D98 /* DisplayView.swift in Sources */,
				48E013D82774408700F79D98 /* UInt8+.swift in Sources */,
				48E013DD277459D100F79D98 /* DisplayCharacters.swift in Sources */,
				48E013D627743B4100F79D98 /* DISPLAY.swift in Sources */,
				48E013D427743A2100F79D98 /* CharacterView.swift in Sources */,
				48E013C327741F2400F79D98 /* AppDelegate.swift in Sources */,
			);
			runOnlyForDeploymentPostprocessing = 0;
		};
/* End PBXSourcesBuildPhase section */

/* Begin PBXVariantGroup section */
		48E013C627741F2600F79D98 /* MainMenu.xib */ = {
			isa = PBXVariantGroup;
			children = (
				48E013C727741F2600F79D98 /* Base */,
			);
			name = MainMenu.xib;
			sourceTree = "<group>";
		};
/* End PBXVariantGroup section */

/* Begin XCBuildConfiguration section */
		48E013CA27741F2600F79D98 /* Debug */ = {
			isa = XCBuildConfiguration;
			buildSettings = {
				ALWAYS_SEARCH_USER_PATHS = NO;
				CLANG_ANALYZER_NONNULL = YES;
				CLANG_ANALYZER_NUMBER_OBJECT_CONVERSION = YES_AGGRESSIVE;
				CLANG_CXX_LANGUAGE_STANDARD = "gnu++17";
				CLANG_CXX_LIBRARY = "libc++";
				CLANG_ENABLE_MODULES = YES;
				CLANG_ENABLE_OBJC_ARC = YES;
				CLANG_ENABLE_OBJC_WEAK = YES;
				CLANG_WARN_BLOCK_CAPTURE_AUTORELEASING = YES;
				CLANG_WARN_BOOL_CONVERSION = YES;
				CLANG_WARN_COMMA = YES;
				CLANG_WARN_CONSTANT_CONVERSION = YES;
				CLANG_WARN_DEPRECATED_OBJC_IMPLEMENTATIONS = YES;
				CLANG_WARN_DIRECT_OBJC_ISA_USAGE = YES_ERROR;
				CLANG_WARN_DOCUMENTATION_COMMENTS = YES;
				CLANG_WARN_EMPTY_BODY = YES;
				CLANG_WARN_ENUM_CONVERSION = YES;
				CLANG_WARN_INFINITE_RECURSION = YES;
				CLANG_WARN_INT_CONVERSION = YES;
				CLANG_WARN_NON_LITERAL_NULL_CONVERSION = YES;
				CLANG_WARN_OBJC_IMPLICIT_RETAIN_SELF = YES;
				CLANG_WARN_OBJC_LITERAL_CONVERSION = YES;
				CLANG_WARN_OBJC_ROOT_CLASS = YES_ERROR;
				CLANG_WARN_QUOTED_INCLUDE_IN_FRAMEWORK_HEADER = YES;
				CLANG_WARN_RANGE_LOOP_ANALYSIS = YES;
				CLANG_WARN_STRICT_PROTOTYPES = YES;
				CLANG_WARN_SUSPICIOUS_MOVE = YES;
				CLANG_WARN_UNGUARDED_AVAILABILITY = YES_AGGRESSIVE;
				CLANG_WARN_UNREACHABLE_CODE = YES;
				CLANG_WARN__DUPLICATE_METHOD_MATCH = YES;
				COPY_PHASE_STRIP = NO;
				DEBUG_INFORMATION_FORMAT = dwarf;
				ENABLE_STRICT_OBJC_MSGSEND = YES;
				ENABLE_TESTABILITY = YES;
				GCC_C_LANGUAGE_STANDARD = gnu11;
				GCC_DYNAMIC_NO_PIC = NO;
				GCC_NO_COMMON_BLOCKS = YES;
				GCC_OPTIMIZATION_LEVEL = 0;
				GCC_PREPROCESSOR_DEFINITIONS = (
					"DEBUG=1",
					"$(inherited)",
				);
				GCC_WARN_64_TO_32_BIT_CONVERSION = YES;
				GCC_WARN_ABOUT_RETURN_TYPE = YES_ERROR;
				GCC_WARN_UNDECLARED_SELECTOR = YES;
				GCC_WARN_UNINITIALIZED_AUTOS = YES_AGGRESSIVE;
				GCC_WARN_UNUSED_FUNCTION = YES;
				GCC_WARN_UNUSED_VARIABLE = YES;
				MACOSX_DEPLOYMENT_TARGET = 12.0;
				MTL_ENABLE_DEBUG_INFO = INCLUDE_SOURCE;
				MTL_FAST_MATH = YES;
				ONLY_ACTIVE_ARCH = YES;
				SDKROOT = macosx;
				SWIFT_ACTIVE_COMPILATION_CONDITIONS = DEBUG;
				SWIFT_OPTIMIZATION_LEVEL = "-Onone";
			};
			name = Debug;
		};
		48E013CB27741F2600F79D98 /* Release */ = {
			isa = XCBuildConfiguration;
			buildSettings = {
				ALWAYS_SEARCH_USER_PATHS = NO;
				CLANG_ANALYZER_NONNULL = YES;
				CLANG_ANALYZER_NUMBER_OBJECT_CONVERSION = YES_AGGRESSIVE;
				CLANG_CXX_LANGUAGE_STANDARD = "gnu++17";
				CLANG_CXX_LIBRARY = "libc++";
				CLANG_ENABLE_MODULES = YES;
				CLANG_ENABLE_OBJC_ARC = YES;
				CLANG_ENABLE_OBJC_WEAK = YES;
				CLANG_WARN_BLOCK_CAPTURE_AUTORELEASING = YES;
				CLANG_WARN_BOOL_CONVERSION = YES;
				CLANG_WARN_COMMA = YES;
				CLANG_WARN_CONSTANT_CONVERSION = YES;
				CLANG_WARN_DEPRECATED_OBJC_IMPLEMENTATIONS = YES;
				CLANG_WARN_DIRECT_OBJC_ISA_USAGE = YES_ERROR;
				CLANG_WARN_DOCUMENTATION_COMMENTS = YES;
				CLANG_WARN_EMPTY_BODY = YES;
				CLANG_WARN_ENUM_CONVERSION = YES;
				CLANG_WARN_INFINITE_RECURSION = YES;
				CLANG_WARN_INT_CONVERSION = YES;
				CLANG_WARN_NON_LITERAL_NULL_CONVERSION = YES;
				CLANG_WARN_OBJC_IMPLICIT_RETAIN_SELF = YES;
				CLANG_WARN_OBJC_LITERAL_CONVERSION = YES;
				CLANG_WARN_OBJC_ROOT_CLASS = YES_ERROR;
				CLANG_WARN_QUOTED_INCLUDE_IN_FRAMEWORK_HEADER = YES;
				CLANG_WARN_RANGE_LOOP_ANALYSIS = YES;
				CLANG_WARN_STRICT_PROTOTYPES = YES;
				CLANG_WARN_SUSPICIOUS_MOVE = YES;
				CLANG_WARN_UNGUARDED_AVAILABILITY = YES_AGGRESSIVE;
				CLANG_WARN_UNREACHABLE_CODE = YES;
				CLANG_WARN__DUPLICATE_METHOD_MATCH = YES;
				COPY_PHASE_STRIP = NO;
				DEBUG_INFORMATION_FORMAT = "dwarf-with-dsym";
				ENABLE_NS_ASSERTIONS = NO;
				ENABLE_STRICT_OBJC_MSGSEND = YES;
				GCC_C_LANGUAGE_STANDARD = gnu11;
				GCC_NO_COMMON_BLOCKS = YES;
				GCC_WARN_64_TO_32_BIT_CONVERSION = YES;
				GCC_WARN_ABOUT_RETURN_TYPE = YES_ERROR;
				GCC_WARN_UNDECLARED_SELECTOR = YES;
				GCC_WARN_UNINITIALIZED_AUTOS = YES_AGGRESSIVE;
				GCC_WARN_UNUSED_FUNCTION = YES;
				GCC_WARN_UNUSED_VARIABLE = YES;
				MACOSX_DEPLOYMENT_TARGET = 12.0;
				MTL_ENABLE_DEBUG_INFO = NO;
				MTL_FAST_MATH = YES;
				SDKROOT = macosx;
				SWIFT_COMPILATION_MODE = wholemodule;
				SWIFT_OPTIMIZATION_LEVEL = "-O";
			};
			name = Release;
		};
		48E013CD27741F2600F79D98 /* Debug */ = {
			isa = XCBuildConfiguration;
			buildSettings = {
				ASSETCATALOG_COMPILER_APPICON_NAME = AppIcon;
				ASSETCATALOG_COMPILER_GLOBAL_ACCENT_COLOR_NAME = AccentColor;
				CODE_SIGN_ENTITLEMENTS = "211223-NSViewDraw/_11223_NSViewDraw.entitlements";
				CODE_SIGN_STYLE = Automatic;
				COMBINE_HIDPI_IMAGES = YES;
				CURRENT_PROJECT_VERSION = 1;
				DEVELOPMENT_TEAM = C4W6UUH267;
				ENABLE_HARDENED_RUNTIME = YES;
				GENERATE_INFOPLIST_FILE = YES;
				INFOPLIST_KEY_NSHumanReadableCopyright = "";
				INFOPLIST_KEY_NSMainNibFile = MainMenu;
				INFOPLIST_KEY_NSPrincipalClass = NSApplication;
				LD_RUNPATH_SEARCH_PATHS = (
					"$(inherited)",
					"@executable_path/../Frameworks",
				);
				MARKETING_VERSION = 1.0;
				PRODUCT_BUNDLE_IDENTIFIER = "com.yangxijie.-11223-NSViewDraw";
				PRODUCT_NAME = "$(TARGET_NAME)";
				SWIFT_EMIT_LOC_STRINGS = YES;
				SWIFT_VERSION = 5.0;
			};
			name = Debug;
		};
		48E013CE27741F2600F79D98 /* Release */ = {
			isa = XCBuildConfiguration;
			buildSettings = {
				ASSETCATALOG_COMPILER_APPICON_NAME = AppIcon;
				ASSETCATALOG_COMPILER_GLOBAL_ACCENT_COLOR_NAME = AccentColor;
				CODE_SIGN_ENTITLEMENTS = "211223-NSViewDraw/_11223_NSViewDraw.entitlements";
				CODE_SIGN_STYLE = Automatic;
				COMBINE_HIDPI_IMAGES = YES;
				CURRENT_PROJECT_VERSION = 1;
				DEVELOPMENT_TEAM = C4W6UUH267;
				ENABLE_HARDENED_RUNTIME = YES;
				GENERATE_INFOPLIST_FILE = YES;
				INFOPLIST_KEY_NSHumanReadableCopyright = "";
				INFOPLIST_KEY_NSMainNibFile = MainMenu;
				INFOPLIST_KEY_NSPrincipalClass = NSApplication;
				LD_RUNPATH_SEARCH_PATHS = (
					"$(inherited)",
					"@executable_path/../Frameworks",
				);
				MARKETING_VERSION = 1.0;
				PRODUCT_BUNDLE_IDENTIFIER = "com.yangxijie.-11223-NSViewDraw";
				PRODUCT_NAME = "$(TARGET_NAME)";
				SWIFT_EMIT_LOC_STRINGS = YES;
				SWIFT_VERSION = 5.0;
			};
			name = Release;
		};
/* End XCBuildConfiguration section */

/* Begin XCConfigurationList section */
		48E013BA27741F2400F79D98 /* Build configuration list for PBXProject "211223-NSViewDraw" */ = {
			isa = XCConfigurationList;
			buildConfigurations = (
				48E013CA27741F2600F79D98 /* Debug */,
				48E013CB27741F2600F79D98 /* Release */,
			);
			defaultConfigurationIsVisible = 0;
			defaultConfigurationName = Release;
		};
		48E013CC27741F2600F79D98 /* Build configuration list for PBXNativeTarget "211223-NSViewDraw" */ = {
			isa = XCConfigurationList;
			buildConfigurations = (
				48E013CD27741F2600F79D98 /* Debug */,
				48E013CE27741F2600F79D98 /* Release */,
			);
			defaultConfigurationIsVisible = 0;
			defaultConfigurationName = Release;
		};
/* End XCConfigurationList section */
	};
	rootObject = 48E013B727741F2400F79D98 /* Project object */;
}
